
Microsoft Visual Studio Solution File, Format Version 12.00
# Visual Studio Version 17
VisualStudioVersion = 17.5.33530.505
MinimumVisualStudioVersion = 10.0.40219.1
Project("{9A19103F-16F7-4668-BE54-9A1E7A4F7556}") = "Somno", "Somno\Somno.csproj", "{E91233B7-A3ED-49BA-A990-654F108C9997}"
	ProjectSection(ProjectDependencies) = postProject
		{3F60ED3B-5E2B-4200-BE22-E54612E4FEFA} = {3F60ED3B-5E2B-4200-BE22-E54612E4FEFA}
		{AC474E1D-5D8E-4D7D-B6E2-B2C7061A0DA0} = {AC474E1D-5D8E-4D7D-B6E2-B2C7061A0DA0}
		{B71CDCE5-72A0-4460-827A-0A2D8B4DDBBD} = {B71CDCE5-72A0-4460-827A-0A2D8B4DDBBD}
	EndProjectSection
EndProject
Project("{9A19103F-16F7-4668-BE54-9A1E7A4F7556}") = "Somno.ILTransformer", "Somno.ILTransformer\Somno.ILTransformer.csproj", "{B71CDCE5-72A0-4460-827A-0A2D8B4DDBBD}"
EndProject
Project("{8BC9CEB8-8B4A-11D0-8D11-00A0C91BC942}") = "Somno.Portal", "Somno.Portal\Somno.Portal.vcxproj", "{3F60ED3B-5E2B-4200-BE22-E54612E4FEFA}"
EndProject
Project("{9A19103F-16F7-4668-BE54-9A1E7A4F7556}") = "Lunar", "Lunar\Lunar.csproj", "{AC474E1D-5D8E-4D7D-B6E2-B2C7061A0DA0}"
EndProject
Project("{2150E333-8FDC-42A3-9474-1A3956D46DE8}") = "Solution Items", "Solution Items", "{8509ACDC-E7B2-4B6F-BE28-11B46E1A5F6A}"
	ProjectSection(SolutionItems) = preProject
		.editorconfig = .editorconfig
	EndProjectSection
EndProject
Global
	GlobalSection(SolutionConfigurationPlatforms) = preSolution
		Debug|Any CPU = Debug|Any CPU
		Debug|ARM64 = Debug|ARM64
		Debug|x64 = Debug|x64
		Debug|x86 = Debug|x86
		Release|Any CPU = Release|Any CPU
		Release|ARM64 = Release|ARM64
		Release|x64 = Release|x64
		Release|x86 = Release|x86
	EndGlobalSection
	GlobalSection(ProjectConfigurationPlatforms) = postSolution
		{E91233B7-A3ED-49BA-A990-654F108C9997}.Debug|Any CPU.ActiveCfg = Debug|Any CPU
		{E91233B7-A3ED-49BA-A990-654F108C9997}.Debug|Any CPU.Build.0 = Debug|Any CPU
		{E91233B7-A3ED-49BA-A990-654F108C9997}.Debug|ARM64.ActiveCfg = Debug|Any CPU
		{E91233B7-A3ED-49BA-A990-654F108C9997}.Debug|ARM64.Build.0 = Debug|Any CPU
		{E91233B7-A3ED-49BA-A990-654F108C9997}.Debug|x64.ActiveCfg = Debug|Any CPU
		{E91233B7-A3ED-49BA-A990-654F108C9997}.Debug|x64.Build.0 = Debug|Any CPU
		{E91233B7-A3ED-49BA-A990-654F108C9997}.Debug|x86.ActiveCfg = Debug|Any CPU
		{E91233B7-A3ED-49BA-A990-654F108C9997}.Debug|x86.Build.0 = Debug|Any CPU
		{E91233B7-A3ED-49BA-A990-654F108C9997}.Release|Any CPU.ActiveCfg = Release|Any CPU
		{E91233B7-A3ED-49BA-A990-654F108C9997}.Release|Any CPU.Build.0 = Release|Any CPU
		{E91233B7-A3ED-49BA-A990-654F108C9997}.Release|ARM64.ActiveCfg = Release|Any CPU
		{E91233B7-A3ED-49BA-A990-654F108C9997}.Release|ARM64.Build.0 = Release|Any CPU
		{E91233B7-A3ED-49BA-A990-654F108C9997}.Release|x64.ActiveCfg = Release|Any CPU
		{E91233B7-A3ED-49BA-A990-654F108C9997}.Release|x64.Build.0 = Release|Any CPU
		{E91233B7-A3ED-49BA-A990-654F108C9997}.Release|x86.ActiveCfg = Release|Any CPU
		{E91233B7-A3ED-49BA-A990-654F108C9997}.Release|x86.Build.0 = Release|Any CPU
		{B71CDCE5-72A0-4460-827A-0A2D8B4DDBBD}.Debug|Any CPU.ActiveCfg = Debug|Any CPU
		{B71CDCE5-72A0-4460-827A-0A2D8B4DDBBD}.Debug|Any CPU.Build.0 = Debug|Any CPU
		{B71CDCE5-72A0-4460-827A-0A2D8B4DDBBD}.Debug|ARM64.ActiveCfg = Debug|Any CPU
		{B71CDCE5-72A0-4460-827A-0A2D8B4DDBBD}.Debug|ARM64.Build.0 = Debug|Any CPU
		{B71CDCE5-72A0-4460-827A-0A2D8B4DDBBD}.Debug|x64.ActiveCfg = Debug|Any CPU
		{B71CDCE5-72A0-4460-827A-0A2D8B4DDBBD}.Debug|x64.Build.0 = Debug|Any CPU
		{B71CDCE5-72A0-4460-827A-0A2D8B4DDBBD}.Debug|x86.ActiveCfg = Debug|Any CPU
		{B71CDCE5-72A0-4460-827A-0A2D8B4DDBBD}.Debug|x86.Build.0 = Debug|Any CPU
		{B71CDCE5-72A0-4460-827A-0A2D8B4DDBBD}.Release|Any CPU.ActiveCfg = Release|Any CPU
		{B71CDCE5-72A0-4460-827A-0A2D8B4DDBBD}.Release|Any CPU.Build.0 = Release|Any CPU
		{B71CDCE5-72A0-4460-827A-0A2D8B4DDBBD}.Release|ARM64.ActiveCfg = Release|Any CPU
		{B71CDCE5-72A0-4460-827A-0A2D8B4DDBBD}.Release|ARM64.Build.0 = Release|Any CPU
		{B71CDCE5-72A0-4460-827A-0A2D8B4DDBBD}.Release|x64.ActiveCfg = Release|Any CPU
		{B71CDCE5-72A0-4460-827A-0A2D8B4DDBBD}.Release|x64.Build.0 = Release|Any CPU
		{B71CDCE5-72A0-4460-827A-0A2D8B4DDBBD}.Release|x86.ActiveCfg = Release|Any CPU
		{B71CDCE5-72A0-4460-827A-0A2D8B4DDBBD}.Release|x86.Build.0 = Release|Any CPU
		{3F60ED3B-5E2B-4200-BE22-E54612E4FEFA}.Debug|Any CPU.ActiveCfg = Debug|x64
		{3F60ED3B-5E2B-4200-BE22-E54612E4FEFA}.Debug|Any CPU.Build.0 = Debug|x64
		{3F60ED3B-5E2B-4200-BE22-E54612E4FEFA}.Debug|ARM64.ActiveCfg = Debug|x64
		{3F60ED3B-5E2B-4200-BE22-E54612E4FEFA}.Debug|ARM64.Build.0 = Debug|x64
		{3F60ED3B-5E2B-4200-BE22-E54612E4FEFA}.Debug|x64.ActiveCfg = Release|x64
		{3F60ED3B-5E2B-4200-BE22-E54612E4FEFA}.Debug|x64.Build.0 = Release|x64
		{3F60ED3B-5E2B-4200-BE22-E54612E4FEFA}.Debug|x86.ActiveCfg = Debug|x64
		{3F60ED3B-5E2B-4200-BE22-E54612E4FEFA}.Release|Any CPU.ActiveCfg = Release|x64
		{3F60ED3B-5E2B-4200-BE22-E54612E4FEFA}.Release|Any CPU.Build.0 = Release|x64
		{3F60ED3B-5E2B-4200-BE22-E54612E4FEFA}.Release|ARM64.ActiveCfg = Release|x64
		{3F60ED3B-5E2B-4200-BE22-E54612E4FEFA}.Release|ARM64.Build.0 = Release|x64
		{3F60ED3B-5E2B-4200-BE22-E54612E4FEFA}.Release|x64.ActiveCfg = Release|x64
		{3F60ED3B-5E2B-4200-BE22-E54612E4FEFA}.Release|x64.Build.0 = Release|x64
		{3F60ED3B-5E2B-4200-BE22-E54612E4FEFA}.Release|x86.ActiveCfg = Release|Win32
		{3F60ED3B-5E2B-4200-BE22-E54612E4FEFA}.Release|x86.Build.0 = Release|Win32
		{AC474E1D-5D8E-4D7D-B6E2-B2C7061A0DA0}.Debug|Any CPU.ActiveCfg = Debug|Any CPU
		{AC474E1D-5D8E-4D7D-B6E2-B2C7061A0DA0}.Debug|Any CPU.Build.0 = Debug|Any CPU
		{AC474E1D-5D8E-4D7D-B6E2-B2C7061A0DA0}.Debug|ARM64.ActiveCfg = Debug|Any CPU
		{AC474E1D-5D8E-4D7D-B6E2-B2C7061A0DA0}.Debug|ARM64.Build.0 = Debug|Any CPU
		{AC474E1D-5D8E-4D7D-B6E2-B2C7061A0DA0}.Debug|x64.ActiveCfg = Debug|Any CPU
		{AC474E1D-5D8E-4D7D-B6E2-B2C7061A0DA0}.Debug|x64.Build.0 = Debug|Any CPU
		{AC474E1D-5D8E-4D7D-B6E2-B2C7061A0DA0}.Debug|x86.ActiveCfg = Debug|Any CPU
		{AC474E1D-5D8E-4D7D-B6E2-B2C7061A0DA0}.Debug|x86.Build.0 = Debug|Any CPU
		{AC474E1D-5D8E-4D7D-B6E2-B2C7061A0DA0}.Release|Any CPU.ActiveCfg = Release|Any CPU
		{AC474E1D-5D8E-4D7D-B6E2-B2C7061A0DA0}.Release|Any CPU.Build.0 = Release|Any CPU
		{AC474E1D-5D8E-4D7D-B6E2-B2C7061A0DA0}.Release|ARM64.ActiveCfg = Release|Any CPU
		{AC474E1D-5D8E-4D7D-B6E2-B2C7061A0DA0}.Release|ARM64.Build.0 = Release|Any CPU
		{AC474E1D-5D8E-4D7D-B6E2-B2C7061A0DA0}.Release|x64.ActiveCfg = Release|Any CPU
		{AC474E1D-5D8E-4D7D-B6E2-B2C7061A0DA0}.Release|x64.Build.0 = Release|Any CPU
		{AC474E1D-5D8E-4D7D-B6E2-B2C7061A0DA0}.Release|x86.ActiveCfg = Release|Any CPU
		{AC474E1D-5D8E-4D7D-B6E2-B2C7061A0DA0}.Release|x86.Build.0 = Release|Any CPU
	EndGlobalSection
	GlobalSection(SolutionProperties) = preSolution
		HideSolutionNode = FALSE
	EndGlobalSection
	GlobalSection(ExtensibilityGlobals) = postSolution
		SolutionGuid = {59D64292-1977-46D6-89C3-F097581EACD1}
	EndGlobalSection
EndGlobal
