
Microsoft Visual Studio Solution File, Format Version 12.00
# Visual Studio Version 17
VisualStudioVersion = 17.5.33530.505
MinimumVisualStudioVersion = 10.0.40219.1
Project("{9A19103F-16F7-4668-BE54-9A1E7A4F7556}") = "Somno", "Somno\Somno.csproj", "{E91233B7-A3ED-49BA-A990-654F108C9997}"
	ProjectSection(ProjectDependencies) = postProject
		{B71CDCE5-72A0-4460-827A-0A2D8B4DDBBD} = {B71CDCE5-72A0-4460-827A-0A2D8B4DDBBD}
	EndProjectSection
EndProject
Project("{9A19103F-16F7-4668-BE54-9A1E7A4F7556}") = "Somno.ILTransformer", "Somno.ILTransformer\Somno.ILTransformer.csproj", "{B71CDCE5-72A0-4460-827A-0A2D8B4DDBBD}"
EndProject
Project("{2150E333-8FDC-42A3-9474-1A3956D46DE8}") = "Solution Items", "Solution Items", "{8509ACDC-E7B2-4B6F-BE28-11B46E1A5F6A}"
	ProjectSection(SolutionItems) = preProject
		.editorconfig = .editorconfig
	EndProjectSection
EndProject
Project("{9A19103F-16F7-4668-BE54-9A1E7A4F7556}") = "Somno.Packager", "Somno.Packager\Somno.Packager.csproj", "{94C89EFE-F7BE-4212-949B-80D77F965F2B}"
EndProject
Project("{8BC9CEB8-8B4A-11D0-8D11-00A0C91BC942}") = "KDMapper", "KDMapper\kdmapper.vcxproj", "{518E0636-BA8F-459D-ACAC-81BD33475E3E}"
EndProject
Project("{8BC9CEB8-8B4A-11D0-8D11-00A0C91BC942}") = "Somno.Portal", "Somno.Portal\Somno.Portal.vcxproj", "{A1B5D14C-A33F-45CD-934F-2D7542609D17}"
EndProject
Project("{FAE04EC0-301F-11D3-BF4B-00C04F79EFBC}") = "Somno.WindowHost", "Somno.WindowHost\Somno.WindowHost.csproj", "{0D38DDAB-9471-4424-81AB-8C26617615F1}"
EndProject
Global
	GlobalSection(SolutionConfigurationPlatforms) = preSolution
		Debug|Any CPU = Debug|Any CPU
		Debug|ARM64 = Debug|ARM64
		Debug|x64 = Debug|x64
		Debug|x86 = Debug|x86
		Release|Any CPU = Release|Any CPU
		Release|ARM64 = Release|ARM64
		Release|x64 = Release|x64
		Release|x86 = Release|x86
	EndGlobalSection
	GlobalSection(ProjectConfigurationPlatforms) = postSolution
		{E91233B7-A3ED-49BA-A990-654F108C9997}.Debug|Any CPU.ActiveCfg = Debug|Any CPU
		{E91233B7-A3ED-49BA-A990-654F108C9997}.Debug|Any CPU.Build.0 = Debug|Any CPU
		{E91233B7-A3ED-49BA-A990-654F108C9997}.Debug|ARM64.ActiveCfg = Debug|Any CPU
		{E91233B7-A3ED-49BA-A990-654F108C9997}.Debug|ARM64.Build.0 = Debug|Any CPU
		{E91233B7-A3ED-49BA-A990-654F108C9997}.Debug|x64.ActiveCfg = Debug|Any CPU
		{E91233B7-A3ED-49BA-A990-654F108C9997}.Debug|x64.Build.0 = Debug|Any CPU
		{E91233B7-A3ED-49BA-A990-654F108C9997}.Debug|x86.ActiveCfg = Debug|Any CPU
		{E91233B7-A3ED-49BA-A990-654F108C9997}.Debug|x86.Build.0 = Debug|Any CPU
		{E91233B7-A3ED-49BA-A990-654F108C9997}.Release|Any CPU.ActiveCfg = Release|Any CPU
		{E91233B7-A3ED-49BA-A990-654F108C9997}.Release|Any CPU.Build.0 = Release|Any CPU
		{E91233B7-A3ED-49BA-A990-654F108C9997}.Release|ARM64.ActiveCfg = Release|Any CPU
		{E91233B7-A3ED-49BA-A990-654F108C9997}.Release|ARM64.Build.0 = Release|Any CPU
		{E91233B7-A3ED-49BA-A990-654F108C9997}.Release|x64.ActiveCfg = Release|Any CPU
		{E91233B7-A3ED-49BA-A990-654F108C9997}.Release|x64.Build.0 = Release|Any CPU
		{E91233B7-A3ED-49BA-A990-654F108C9997}.Release|x86.ActiveCfg = Release|Any CPU
		{E91233B7-A3ED-49BA-A990-654F108C9997}.Release|x86.Build.0 = Release|Any CPU
		{B71CDCE5-72A0-4460-827A-0A2D8B4DDBBD}.Debug|Any CPU.ActiveCfg = Debug|Any CPU
		{B71CDCE5-72A0-4460-827A-0A2D8B4DDBBD}.Debug|Any CPU.Build.0 = Debug|Any CPU
		{B71CDCE5-72A0-4460-827A-0A2D8B4DDBBD}.Debug|ARM64.ActiveCfg = Debug|Any CPU
		{B71CDCE5-72A0-4460-827A-0A2D8B4DDBBD}.Debug|ARM64.Build.0 = Debug|Any CPU
		{B71CDCE5-72A0-4460-827A-0A2D8B4DDBBD}.Debug|x64.ActiveCfg = Debug|Any CPU
		{B71CDCE5-72A0-4460-827A-0A2D8B4DDBBD}.Debug|x64.Build.0 = Debug|Any CPU
		{B71CDCE5-72A0-4460-827A-0A2D8B4DDBBD}.Debug|x86.ActiveCfg = Debug|Any CPU
		{B71CDCE5-72A0-4460-827A-0A2D8B4DDBBD}.Debug|x86.Build.0 = Debug|Any CPU
		{B71CDCE5-72A0-4460-827A-0A2D8B4DDBBD}.Release|Any CPU.ActiveCfg = Release|Any CPU
		{B71CDCE5-72A0-4460-827A-0A2D8B4DDBBD}.Release|Any CPU.Build.0 = Release|Any CPU
		{B71CDCE5-72A0-4460-827A-0A2D8B4DDBBD}.Release|ARM64.ActiveCfg = Release|Any CPU
		{B71CDCE5-72A0-4460-827A-0A2D8B4DDBBD}.Release|ARM64.Build.0 = Release|Any CPU
		{B71CDCE5-72A0-4460-827A-0A2D8B4DDBBD}.Release|x64.ActiveCfg = Release|Any CPU
		{B71CDCE5-72A0-4460-827A-0A2D8B4DDBBD}.Release|x64.Build.0 = Release|Any CPU
		{B71CDCE5-72A0-4460-827A-0A2D8B4DDBBD}.Release|x86.ActiveCfg = Release|Any CPU
		{B71CDCE5-72A0-4460-827A-0A2D8B4DDBBD}.Release|x86.Build.0 = Release|Any CPU
		{94C89EFE-F7BE-4212-949B-80D77F965F2B}.Debug|Any CPU.ActiveCfg = Debug|Any CPU
		{94C89EFE-F7BE-4212-949B-80D77F965F2B}.Debug|Any CPU.Build.0 = Debug|Any CPU
		{94C89EFE-F7BE-4212-949B-80D77F965F2B}.Debug|ARM64.ActiveCfg = Debug|Any CPU
		{94C89EFE-F7BE-4212-949B-80D77F965F2B}.Debug|ARM64.Build.0 = Debug|Any CPU
		{94C89EFE-F7BE-4212-949B-80D77F965F2B}.Debug|x64.ActiveCfg = Debug|Any CPU
		{94C89EFE-F7BE-4212-949B-80D77F965F2B}.Debug|x64.Build.0 = Debug|Any CPU
		{94C89EFE-F7BE-4212-949B-80D77F965F2B}.Debug|x86.ActiveCfg = Debug|Any CPU
		{94C89EFE-F7BE-4212-949B-80D77F965F2B}.Debug|x86.Build.0 = Debug|Any CPU
		{94C89EFE-F7BE-4212-949B-80D77F965F2B}.Release|Any CPU.ActiveCfg = Release|Any CPU
		{94C89EFE-F7BE-4212-949B-80D77F965F2B}.Release|Any CPU.Build.0 = Release|Any CPU
		{94C89EFE-F7BE-4212-949B-80D77F965F2B}.Release|ARM64.ActiveCfg = Release|Any CPU
		{94C89EFE-F7BE-4212-949B-80D77F965F2B}.Release|ARM64.Build.0 = Release|Any CPU
		{94C89EFE-F7BE-4212-949B-80D77F965F2B}.Release|x64.ActiveCfg = Release|Any CPU
		{94C89EFE-F7BE-4212-949B-80D77F965F2B}.Release|x64.Build.0 = Release|Any CPU
		{94C89EFE-F7BE-4212-949B-80D77F965F2B}.Release|x86.ActiveCfg = Release|Any CPU
		{94C89EFE-F7BE-4212-949B-80D77F965F2B}.Release|x86.Build.0 = Release|Any CPU
		{518E0636-BA8F-459D-ACAC-81BD33475E3E}.Debug|Any CPU.ActiveCfg = Debug|x64
		{518E0636-BA8F-459D-ACAC-81BD33475E3E}.Debug|Any CPU.Build.0 = Debug|x64
		{518E0636-BA8F-459D-ACAC-81BD33475E3E}.Debug|ARM64.ActiveCfg = Debug|x64
		{518E0636-BA8F-459D-ACAC-81BD33475E3E}.Debug|ARM64.Build.0 = Debug|x64
		{518E0636-BA8F-459D-ACAC-81BD33475E3E}.Debug|x64.ActiveCfg = Debug|x64
		{518E0636-BA8F-459D-ACAC-81BD33475E3E}.Debug|x64.Build.0 = Debug|x64
		{518E0636-BA8F-459D-ACAC-81BD33475E3E}.Debug|x86.ActiveCfg = Debug|x64
		{518E0636-BA8F-459D-ACAC-81BD33475E3E}.Debug|x86.Build.0 = Debug|x64
		{518E0636-BA8F-459D-ACAC-81BD33475E3E}.Release|Any CPU.ActiveCfg = Release|x64
		{518E0636-BA8F-459D-ACAC-81BD33475E3E}.Release|Any CPU.Build.0 = Release|x64
		{518E0636-BA8F-459D-ACAC-81BD33475E3E}.Release|ARM64.ActiveCfg = Release|x64
		{518E0636-BA8F-459D-ACAC-81BD33475E3E}.Release|ARM64.Build.0 = Release|x64
		{518E0636-BA8F-459D-ACAC-81BD33475E3E}.Release|x64.ActiveCfg = Release|x64
		{518E0636-BA8F-459D-ACAC-81BD33475E3E}.Release|x64.Build.0 = Release|x64
		{518E0636-BA8F-459D-ACAC-81BD33475E3E}.Release|x86.ActiveCfg = Release|x64
		{518E0636-BA8F-459D-ACAC-81BD33475E3E}.Release|x86.Build.0 = Release|x64
		{A1B5D14C-A33F-45CD-934F-2D7542609D17}.Debug|Any CPU.ActiveCfg = Debug|x64
		{A1B5D14C-A33F-45CD-934F-2D7542609D17}.Debug|Any CPU.Build.0 = Debug|x64
		{A1B5D14C-A33F-45CD-934F-2D7542609D17}.Debug|Any CPU.Deploy.0 = Debug|x64
		{A1B5D14C-A33F-45CD-934F-2D7542609D17}.Debug|ARM64.ActiveCfg = Debug|ARM64
		{A1B5D14C-A33F-45CD-934F-2D7542609D17}.Debug|ARM64.Build.0 = Debug|ARM64
		{A1B5D14C-A33F-45CD-934F-2D7542609D17}.Debug|ARM64.Deploy.0 = Debug|ARM64
		{A1B5D14C-A33F-45CD-934F-2D7542609D17}.Debug|x64.ActiveCfg = Debug|x64
		{A1B5D14C-A33F-45CD-934F-2D7542609D17}.Debug|x64.Build.0 = Debug|x64
		{A1B5D14C-A33F-45CD-934F-2D7542609D17}.Debug|x64.Deploy.0 = Debug|x64
		{A1B5D14C-A33F-45CD-934F-2D7542609D17}.Debug|x86.ActiveCfg = Debug|x64
		{A1B5D14C-A33F-45CD-934F-2D7542609D17}.Debug|x86.Build.0 = Debug|x64
		{A1B5D14C-A33F-45CD-934F-2D7542609D17}.Debug|x86.Deploy.0 = Debug|x64
		{A1B5D14C-A33F-45CD-934F-2D7542609D17}.Release|Any CPU.ActiveCfg = Release|x64
		{A1B5D14C-A33F-45CD-934F-2D7542609D17}.Release|Any CPU.Build.0 = Release|x64
		{A1B5D14C-A33F-45CD-934F-2D7542609D17}.Release|Any CPU.Deploy.0 = Release|x64
		{A1B5D14C-A33F-45CD-934F-2D7542609D17}.Release|ARM64.ActiveCfg = Release|ARM64
		{A1B5D14C-A33F-45CD-934F-2D7542609D17}.Release|ARM64.Build.0 = Release|ARM64
		{A1B5D14C-A33F-45CD-934F-2D7542609D17}.Release|ARM64.Deploy.0 = Release|ARM64
		{A1B5D14C-A33F-45CD-934F-2D7542609D17}.Release|x64.ActiveCfg = Release|x64
		{A1B5D14C-A33F-45CD-934F-2D7542609D17}.Release|x64.Build.0 = Release|x64
		{A1B5D14C-A33F-45CD-934F-2D7542609D17}.Release|x64.Deploy.0 = Release|x64
		{A1B5D14C-A33F-45CD-934F-2D7542609D17}.Release|x86.ActiveCfg = Release|x64
		{A1B5D14C-A33F-45CD-934F-2D7542609D17}.Release|x86.Build.0 = Release|x64
		{A1B5D14C-A33F-45CD-934F-2D7542609D17}.Release|x86.Deploy.0 = Release|x64
		{0D38DDAB-9471-4424-81AB-8C26617615F1}.Debug|Any CPU.ActiveCfg = Debug|Any CPU
		{0D38DDAB-9471-4424-81AB-8C26617615F1}.Debug|Any CPU.Build.0 = Debug|Any CPU
		{0D38DDAB-9471-4424-81AB-8C26617615F1}.Debug|ARM64.ActiveCfg = Debug|Any CPU
		{0D38DDAB-9471-4424-81AB-8C26617615F1}.Debug|ARM64.Build.0 = Debug|Any CPU
		{0D38DDAB-9471-4424-81AB-8C26617615F1}.Debug|x64.ActiveCfg = Debug|Any CPU
		{0D38DDAB-9471-4424-81AB-8C26617615F1}.Debug|x64.Build.0 = Debug|Any CPU
		{0D38DDAB-9471-4424-81AB-8C26617615F1}.Debug|x86.ActiveCfg = Debug|Any CPU
		{0D38DDAB-9471-4424-81AB-8C26617615F1}.Debug|x86.Build.0 = Debug|Any CPU
		{0D38DDAB-9471-4424-81AB-8C26617615F1}.Release|Any CPU.ActiveCfg = Release|Any CPU
		{0D38DDAB-9471-4424-81AB-8C26617615F1}.Release|Any CPU.Build.0 = Release|Any CPU
		{0D38DDAB-9471-4424-81AB-8C26617615F1}.Release|ARM64.ActiveCfg = Release|Any CPU
		{0D38DDAB-9471-4424-81AB-8C26617615F1}.Release|ARM64.Build.0 = Release|Any CPU
		{0D38DDAB-9471-4424-81AB-8C26617615F1}.Release|x64.ActiveCfg = Release|Any CPU
		{0D38DDAB-9471-4424-81AB-8C26617615F1}.Release|x64.Build.0 = Release|Any CPU
		{0D38DDAB-9471-4424-81AB-8C26617615F1}.Release|x86.ActiveCfg = Release|Any CPU
		{0D38DDAB-9471-4424-81AB-8C26617615F1}.Release|x86.Build.0 = Release|Any CPU
	EndGlobalSection
	GlobalSection(SolutionProperties) = preSolution
		HideSolutionNode = FALSE
	EndGlobalSection
	GlobalSection(ExtensibilityGlobals) = postSolution
		SolutionGuid = {59D64292-1977-46D6-89C3-F097581EACD1}
	EndGlobalSection
EndGlobal
